
Microsoft Visual Studio Solution File, Format Version 12.00
# Visual Studio Version 16
VisualStudioVersion = 16.0.30717.126
MinimumVisualStudioVersion = 10.0.40219.1
Project("{9A19103F-16F7-4668-BE54-9A1E7A4F7556}") = "Web", "Web\Web.csproj", "{613BB225-D8EB-480F-84C4-FCAFA961CEFB}"
EndProject
Global
	GlobalSection(SolutionConfigurationPlatforms) = preSolution
		Debug|Any CPU = Debug|Any CPU
		Release|Any CPU = Release|Any CPU
	EndGlobalSection
	GlobalSection(ProjectConfigurationPlatforms) = postSolution
		{613BB225-D8EB-480F-84C4-FCAFA961CEFB}.Debug|Any CPU.ActiveCfg = Debug|Any CPU
		{613BB225-D8EB-480F-84C4-FCAFA961CEFB}.Debug|Any CPU.Build.0 = Debug|Any CPU
		{613BB225-D8EB-480F-84C4-FCAFA961CEFB}.Release|Any CPU.ActiveCfg = Release|Any CPU
		{613BB225-D8EB-480F-84C4-FCAFA961CEFB}.Release|Any CPU.Build.0 = Release|Any CPU
	EndGlobalSection
	GlobalSection(SolutionProperties) = preSolution
		HideSolutionNode = FALSE
	EndGlobalSection
	GlobalSection(ExtensibilityGlobals) = postSolution
		SolutionGuid = {897BE441-B27D-45C0-9D1C-79A2DCEFA540}
	EndGlobalSection
EndGlobal
